// !$*UTF8*$!
{
	archiveVersion = 1;
	classes = {
	};
	objectVersion = 50;
	objects = {

/* Begin PBXBuildFile section */
		E764E8132508EC2200727E3E /* AppDelegate.swift in Sources */ = {isa = PBXBuildFile; fileRef = E764E8122508EC2200727E3E /* AppDelegate.swift */; };
		E764E8152508EC2200727E3E /* SceneDelegate.swift in Sources */ = {isa = PBXBuildFile; fileRef = E764E8142508EC2200727E3E /* SceneDelegate.swift */; };
		E764E8172508EC2200727E3E /* ViewController.swift in Sources */ = {isa = PBXBuildFile; fileRef = E764E8162508EC2200727E3E /* ViewController.swift */; };
		E764E81A2508EC2200727E3E /* Main.storyboard in Resources */ = {isa = PBXBuildFile; fileRef = E764E8182508EC2200727E3E /* Main.storyboard */; };
		E764E81C2508EC2300727E3E /* Assets.xcassets in Resources */ = {isa = PBXBuildFile; fileRef = E764E81B2508EC2300727E3E /* Assets.xcassets */; };
		E764E81F2508EC2300727E3E /* LaunchScreen.storyboard in Resources */ = {isa = PBXBuildFile; fileRef = E764E81D2508EC2300727E3E /* LaunchScreen.storyboard */; };
		E764E8242508EC2300727E3E /* Predictions WatchKit App.app in Embed Watch Content */ = {isa = PBXBuildFile; fileRef = E764E8232508EC2300727E3E /* Predictions WatchKit App.app */; settings = {ATTRIBUTES = (RemoveHeadersOnCopy, ); }; };
		E764E82A2508EC2300727E3E /* Interface.storyboard in Resources */ = {isa = PBXBuildFile; fileRef = E764E8282508EC2300727E3E /* Interface.storyboard */; };
		E764E82C2508EC2400727E3E /* Assets.xcassets in Resources */ = {isa = PBXBuildFile; fileRef = E764E82B2508EC2400727E3E /* Assets.xcassets */; };
		E764E8332508EC2400727E3E /* Predictions WatchKit Extension.appex in Embed App Extensions */ = {isa = PBXBuildFile; fileRef = E764E8322508EC2400727E3E /* Predictions WatchKit Extension.appex */; settings = {ATTRIBUTES = (RemoveHeadersOnCopy, ); }; };
		E764E8382508EC2400727E3E /* InterfaceController.swift in Sources */ = {isa = PBXBuildFile; fileRef = E764E8372508EC2400727E3E /* InterfaceController.swift */; };
		E764E83A2508EC2400727E3E /* ExtensionDelegate.swift in Sources */ = {isa = PBXBuildFile; fileRef = E764E8392508EC2400727E3E /* ExtensionDelegate.swift */; };
		E764E83C2508EC2500727E3E /* Assets.xcassets in Resources */ = {isa = PBXBuildFile; fileRef = E764E83B2508EC2500727E3E /* Assets.xcassets */; };
/* End PBXBuildFile section */

/* Begin PBXContainerItemProxy section */
		E764E8252508EC2300727E3E /* PBXContainerItemProxy */ = {
			isa = PBXContainerItemProxy;
			containerPortal = E764E8072508EC2200727E3E /* Project object */;
			proxyType = 1;
			remoteGlobalIDString = E764E8222508EC2300727E3E;
			remoteInfo = "Predictions WatchKit App";
		};
		E764E8342508EC2400727E3E /* PBXContainerItemProxy */ = {
			isa = PBXContainerItemProxy;
			containerPortal = E764E8072508EC2200727E3E /* Project object */;
			proxyType = 1;
			remoteGlobalIDString = E764E8312508EC2400727E3E;
			remoteInfo = "Predictions WatchKit Extension";
		};
/* End PBXContainerItemProxy section */

/* Begin PBXCopyFilesBuildPhase section */
		E764E8432508EC2500727E3E /* Embed App Extensions */ = {
			isa = PBXCopyFilesBuildPhase;
			buildActionMask = 2147483647;
			dstPath = "";
			dstSubfolderSpec = 13;
			files = (
				E764E8332508EC2400727E3E /* Predictions WatchKit Extension.appex in Embed App Extensions */,
			);
			name = "Embed App Extensions";
			runOnlyForDeploymentPostprocessing = 0;
		};
		E764E8472508EC2500727E3E /* Embed Watch Content */ = {
			isa = PBXCopyFilesBuildPhase;
			buildActionMask = 2147483647;
			dstPath = "$(CONTENTS_FOLDER_PATH)/Watch";
			dstSubfolderSpec = 16;
			files = (
				E764E8242508EC2300727E3E /* Predictions WatchKit App.app in Embed Watch Content */,
			);
			name = "Embed Watch Content";
			runOnlyForDeploymentPostprocessing = 0;
		};
/* End PBXCopyFilesBuildPhase section */

/* Begin PBXFileReference section */
		E764E80F2508EC2200727E3E /* Predictions.app */ = {isa = PBXFileReference; explicitFileType = wrapper.application; includeInIndex = 0; path = Predictions.app; sourceTree = BUILT_PRODUCTS_DIR; };
		E764E8122508EC2200727E3E /* AppDelegate.swift */ = {isa = PBXFileReference; lastKnownFileType = sourcecode.swift; path = AppDelegate.swift; sourceTree = "<group>"; };
		E764E8142508EC2200727E3E /* SceneDelegate.swift */ = {isa = PBXFileReference; lastKnownFileType = sourcecode.swift; path = SceneDelegate.swift; sourceTree = "<group>"; };
		E764E8162508EC2200727E3E /* ViewController.swift */ = {isa = PBXFileReference; lastKnownFileType = sourcecode.swift; path = ViewController.swift; sourceTree = "<group>"; };
		E764E8192508EC2200727E3E /* Base */ = {isa = PBXFileReference; lastKnownFileType = file.storyboard; name = Base; path = Base.lproj/Main.storyboard; sourceTree = "<group>"; };
		E764E81B2508EC2300727E3E /* Assets.xcassets */ = {isa = PBXFileReference; lastKnownFileType = folder.assetcatalog; path = Assets.xcassets; sourceTree = "<group>"; };
		E764E81E2508EC2300727E3E /* Base */ = {isa = PBXFileReference; lastKnownFileType = file.storyboard; name = Base; path = Base.lproj/LaunchScreen.storyboard; sourceTree = "<group>"; };
		E764E8202508EC2300727E3E /* Info.plist */ = {isa = PBXFileReference; lastKnownFileType = text.plist.xml; path = Info.plist; sourceTree = "<group>"; };
		E764E8232508EC2300727E3E /* Predictions WatchKit App.app */ = {isa = PBXFileReference; explicitFileType = wrapper.application; includeInIndex = 0; path = "Predictions WatchKit App.app"; sourceTree = BUILT_PRODUCTS_DIR; };
		E764E8292508EC2300727E3E /* Base */ = {isa = PBXFileReference; lastKnownFileType = file.storyboard; name = Base; path = Base.lproj/Interface.storyboard; sourceTree = "<group>"; };
		E764E82B2508EC2400727E3E /* Assets.xcassets */ = {isa = PBXFileReference; lastKnownFileType = folder.assetcatalog; path = Assets.xcassets; sourceTree = "<group>"; };
		E764E82D2508EC2400727E3E /* Info.plist */ = {isa = PBXFileReference; lastKnownFileType = text.plist.xml; path = Info.plist; sourceTree = "<group>"; };
		E764E8322508EC2400727E3E /* Predictions WatchKit Extension.appex */ = {isa = PBXFileReference; explicitFileType = "wrapper.app-extension"; includeInIndex = 0; path = "Predictions WatchKit Extension.appex"; sourceTree = BUILT_PRODUCTS_DIR; };
		E764E8372508EC2400727E3E /* InterfaceController.swift */ = {isa = PBXFileReference; lastKnownFileType = sourcecode.swift; path = InterfaceController.swift; sourceTree = "<group>"; };
		E764E8392508EC2400727E3E /* ExtensionDelegate.swift */ = {isa = PBXFileReference; lastKnownFileType = sourcecode.swift; path = ExtensionDelegate.swift; sourceTree = "<group>"; };
		E764E83B2508EC2500727E3E /* Assets.xcassets */ = {isa = PBXFileReference; lastKnownFileType = folder.assetcatalog; path = Assets.xcassets; sourceTree = "<group>"; };
		E764E83D2508EC2500727E3E /* Info.plist */ = {isa = PBXFileReference; lastKnownFileType = text.plist.xml; path = Info.plist; sourceTree = "<group>"; };
/* End PBXFileReference section */

/* Begin PBXFrameworksBuildPhase section */
		E764E80C2508EC2200727E3E /* Frameworks */ = {
			isa = PBXFrameworksBuildPhase;
			buildActionMask = 2147483647;
			files = (
			);
			runOnlyForDeploymentPostprocessing = 0;
		};
		E764E82F2508EC2400727E3E /* Frameworks */ = {
			isa = PBXFrameworksBuildPhase;
			buildActionMask = 2147483647;
			files = (
			);
			runOnlyForDeploymentPostprocessing = 0;
		};
/* End PBXFrameworksBuildPhase section */

/* Begin PBXGroup section */
		E764E8062508EC2200727E3E = {
			isa = PBXGroup;
			children = (
				E764E8112508EC2200727E3E /* Predictions */,
				E764E8272508EC2300727E3E /* Predictions WatchKit App */,
				E764E8362508EC2400727E3E /* Predictions WatchKit Extension */,
				E764E8102508EC2200727E3E /* Products */,
			);
			sourceTree = "<group>";
		};
		E764E8102508EC2200727E3E /* Products */ = {
			isa = PBXGroup;
			children = (
				E764E80F2508EC2200727E3E /* Predictions.app */,
				E764E8232508EC2300727E3E /* Predictions WatchKit App.app */,
				E764E8322508EC2400727E3E /* Predictions WatchKit Extension.appex */,
			);
			name = Products;
			sourceTree = "<group>";
		};
		E764E8112508EC2200727E3E /* Predictions */ = {
			isa = PBXGroup;
			children = (
				E764E8122508EC2200727E3E /* AppDelegate.swift */,
				E764E8142508EC2200727E3E /* SceneDelegate.swift */,
				E764E8162508EC2200727E3E /* ViewController.swift */,
				E764E8182508EC2200727E3E /* Main.storyboard */,
				E764E81B2508EC2300727E3E /* Assets.xcassets */,
				E764E81D2508EC2300727E3E /* LaunchScreen.storyboard */,
				E764E8202508EC2300727E3E /* Info.plist */,
			);
			path = Predictions;
			sourceTree = "<group>";
		};
		E764E8272508EC2300727E3E /* Predictions WatchKit App */ = {
			isa = PBXGroup;
			children = (
				E764E8282508EC2300727E3E /* Interface.storyboard */,
				E764E82B2508EC2400727E3E /* Assets.xcassets */,
				E764E82D2508EC2400727E3E /* Info.plist */,
			);
			path = "Predictions WatchKit App";
			sourceTree = "<group>";
		};
		E764E8362508EC2400727E3E /* Predictions WatchKit Extension */ = {
			isa = PBXGroup;
			children = (
				E764E8372508EC2400727E3E /* InterfaceController.swift */,
				E764E8392508EC2400727E3E /* ExtensionDelegate.swift */,
				E764E83B2508EC2500727E3E /* Assets.xcassets */,
				E764E83D2508EC2500727E3E /* Info.plist */,
			);
			path = "Predictions WatchKit Extension";
			sourceTree = "<group>";
		};
/* End PBXGroup section */

/* Begin PBXNativeTarget section */
		E764E80E2508EC2200727E3E /* Predictions */ = {
			isa = PBXNativeTarget;
			buildConfigurationList = E764E8482508EC2500727E3E /* Build configuration list for PBXNativeTarget "Predictions" */;
			buildPhases = (
				E764E80B2508EC2200727E3E /* Sources */,
				E764E80C2508EC2200727E3E /* Frameworks */,
				E764E80D2508EC2200727E3E /* Resources */,
				E764E8472508EC2500727E3E /* Embed Watch Content */,
			);
			buildRules = (
			);
			dependencies = (
				E764E8262508EC2300727E3E /* PBXTargetDependency */,
			);
			name = Predictions;
			productName = Predictions;
			productReference = E764E80F2508EC2200727E3E /* Predictions.app */;
			productType = "com.apple.product-type.application";
		};
		E764E8222508EC2300727E3E /* Predictions WatchKit App */ = {
			isa = PBXNativeTarget;
			buildConfigurationList = E764E8442508EC2500727E3E /* Build configuration list for PBXNativeTarget "Predictions WatchKit App" */;
			buildPhases = (
				E764E8212508EC2300727E3E /* Resources */,
				E764E8432508EC2500727E3E /* Embed App Extensions */,
			);
			buildRules = (
			);
			dependencies = (
				E764E8352508EC2400727E3E /* PBXTargetDependency */,
			);
			name = "Predictions WatchKit App";
			productName = "Predictions WatchKit App";
			productReference = E764E8232508EC2300727E3E /* Predictions WatchKit App.app */;
			productType = "com.apple.product-type.application.watchapp2";
		};
		E764E8312508EC2400727E3E /* Predictions WatchKit Extension */ = {
			isa = PBXNativeTarget;
			buildConfigurationList = E764E8402508EC2500727E3E /* Build configuration list for PBXNativeTarget "Predictions WatchKit Extension" */;
			buildPhases = (
				E764E82E2508EC2400727E3E /* Sources */,
				E764E82F2508EC2400727E3E /* Frameworks */,
				E764E8302508EC2400727E3E /* Resources */,
			);
			buildRules = (
			);
			dependencies = (
			);
			name = "Predictions WatchKit Extension";
			productName = "Predictions WatchKit Extension";
			productReference = E764E8322508EC2400727E3E /* Predictions WatchKit Extension.appex */;
			productType = "com.apple.product-type.watchkit2-extension";
		};
/* End PBXNativeTarget section */

/* Begin PBXProject section */
		E764E8072508EC2200727E3E /* Project object */ = {
			isa = PBXProject;
			attributes = {
				LastSwiftUpdateCheck = 1130;
				LastUpgradeCheck = 1130;
				ORGANIZATIONNAME = "Student 6";
				TargetAttributes = {
					E764E80E2508EC2200727E3E = {
						CreatedOnToolsVersion = 11.3.1;
					};
					E764E8222508EC2300727E3E = {
						CreatedOnToolsVersion = 11.3.1;
					};
					E764E8312508EC2400727E3E = {
						CreatedOnToolsVersion = 11.3.1;
					};
				};
			};
			buildConfigurationList = E764E80A2508EC2200727E3E /* Build configuration list for PBXProject "Predictions" */;
			compatibilityVersion = "Xcode 9.3";
			developmentRegion = en;
			hasScannedForEncodings = 0;
			knownRegions = (
				en,
				Base,
			);
			mainGroup = E764E8062508EC2200727E3E;
			productRefGroup = E764E8102508EC2200727E3E /* Products */;
			projectDirPath = "";
			projectRoot = "";
			targets = (
				E764E80E2508EC2200727E3E /* Predictions */,
				E764E8222508EC2300727E3E /* Predictions WatchKit App */,
				E764E8312508EC2400727E3E /* Predictions WatchKit Extension */,
			);
		};
/* End PBXProject section */

/* Begin PBXResourcesBuildPhase section */
		E764E80D2508EC2200727E3E /* Resources */ = {
			isa = PBXResourcesBuildPhase;
			buildActionMask = 2147483647;
			files = (
				E764E81F2508EC2300727E3E /* LaunchScreen.storyboard in Resources */,
				E764E81C2508EC2300727E3E /* Assets.xcassets in Resources */,
				E764E81A2508EC2200727E3E /* Main.storyboard in Resources */,
			);
			runOnlyForDeploymentPostprocessing = 0;
		};
		E764E8212508EC2300727E3E /* Resources */ = {
			isa = PBXResourcesBuildPhase;
			buildActionMask = 2147483647;
			files = (
				E764E82C2508EC2400727E3E /* Assets.xcassets in Resources */,
				E764E82A2508EC2300727E3E /* Interface.storyboard in Resources */,
			);
			runOnlyForDeploymentPostprocessing = 0;
		};
		E764E8302508EC2400727E3E /* Resources */ = {
			isa = PBXResourcesBuildPhase;
			buildActionMask = 2147483647;
			files = (
				E764E83C2508EC2500727E3E /* Assets.xcassets in Resources */,
			);
			runOnlyForDeploymentPostprocessing = 0;
		};
/* End PBXResourcesBuildPhase section */

/* Begin PBXSourcesBuildPhase section */
		E764E80B2508EC2200727E3E /* Sources */ = {
			isa = PBXSourcesBuildPhase;
			buildActionMask = 2147483647;
			files = (
				E764E8172508EC2200727E3E /* ViewController.swift in Sources */,
				E764E8132508EC2200727E3E /* AppDelegate.swift in Sources */,
				E764E8152508EC2200727E3E /* SceneDelegate.swift in Sources */,
			);
			runOnlyForDeploymentPostprocessing = 0;
		};
		E764E82E2508EC2400727E3E /* Sources */ = {
			isa = PBXSourcesBuildPhase;
			buildActionMask = 2147483647;
			files = (
				E764E83A2508EC2400727E3E /* ExtensionDelegate.swift in Sources */,
				E764E8382508EC2400727E3E /* InterfaceController.swift in Sources */,
			);
			runOnlyForDeploymentPostprocessing = 0;
		};
/* End PBXSourcesBuildPhase section */

/* Begin PBXTargetDependency section */
		E764E8262508EC2300727E3E /* PBXTargetDependency */ = {
			isa = PBXTargetDependency;
			target = E764E8222508EC2300727E3E /* Predictions WatchKit App */;
			targetProxy = E764E8252508EC2300727E3E /* PBXContainerItemProxy */;
		};
		E764E8352508EC2400727E3E /* PBXTargetDependency */ = {
			isa = PBXTargetDependency;
			target = E764E8312508EC2400727E3E /* Predictions WatchKit Extension */;
			targetProxy = E764E8342508EC2400727E3E /* PBXContainerItemProxy */;
		};
/* End PBXTargetDependency section */

/* Begin PBXVariantGroup section */
		E764E8182508EC2200727E3E /* Main.storyboard */ = {
			isa = PBXVariantGroup;
			children = (
				E764E8192508EC2200727E3E /* Base */,
			);
			name = Main.storyboard;
			sourceTree = "<group>";
		};
		E764E81D2508EC2300727E3E /* LaunchScreen.storyboard */ = {
			isa = PBXVariantGroup;
			children = (
				E764E81E2508EC2300727E3E /* Base */,
			);
			name = LaunchScreen.storyboard;
			sourceTree = "<group>";
		};
		E764E8282508EC2300727E3E /* Interface.storyboard */ = {
			isa = PBXVariantGroup;
			children = (
				E764E8292508EC2300727E3E /* Base */,
			);
			name = Interface.storyboard;
			sourceTree = "<group>";
		};
/* End PBXVariantGroup section */

/* Begin XCBuildConfiguration section */
		E764E83E2508EC2500727E3E /* Debug */ = {
			isa = XCBuildConfiguration;
			buildSettings = {
				ALWAYS_SEARCH_USER_PATHS = NO;
				CLANG_ANALYZER_NONNULL = YES;
				CLANG_ANALYZER_NUMBER_OBJECT_CONVERSION = YES_AGGRESSIVE;
				CLANG_CXX_LANGUAGE_STANDARD = "gnu++14";
				CLANG_CXX_LIBRARY = "libc++";
				CLANG_ENABLE_MODULES = YES;
				CLANG_ENABLE_OBJC_ARC = YES;
				CLANG_ENABLE_OBJC_WEAK = YES;
				CLANG_WARN_BLOCK_CAPTURE_AUTORELEASING = YES;
				CLANG_WARN_BOOL_CONVERSION = YES;
				CLANG_WARN_COMMA = YES;
				CLANG_WARN_CONSTANT_CONVERSION = YES;
				CLANG_WARN_DEPRECATED_OBJC_IMPLEMENTATIONS = YES;
				CLANG_WARN_DIRECT_OBJC_ISA_USAGE = YES_ERROR;
				CLANG_WARN_DOCUMENTATION_COMMENTS = YES;
				CLANG_WARN_EMPTY_BODY = YES;
				CLANG_WARN_ENUM_CONVERSION = YES;
				CLANG_WARN_INFINITE_RECURSION = YES;
				CLANG_WARN_INT_CONVERSION = YES;
				CLANG_WARN_NON_LITERAL_NULL_CONVERSION = YES;
				CLANG_WARN_OBJC_IMPLICIT_RETAIN_SELF = YES;
				CLANG_WARN_OBJC_LITERAL_CONVERSION = YES;
				CLANG_WARN_OBJC_ROOT_CLASS = YES_ERROR;
				CLANG_WARN_RANGE_LOOP_ANALYSIS = YES;
				CLANG_WARN_STRICT_PROTOTYPES = YES;
				CLANG_WARN_SUSPICIOUS_MOVE = YES;
				CLANG_WARN_UNGUARDED_AVAILABILITY = YES_AGGRESSIVE;
				CLANG_WARN_UNREACHABLE_CODE = YES;
				CLANG_WARN__DUPLICATE_METHOD_MATCH = YES;
				COPY_PHASE_STRIP = NO;
				DEBUG_INFORMATION_FORMAT = dwarf;
				ENABLE_STRICT_OBJC_MSGSEND = YES;
				ENABLE_TESTABILITY = YES;
				GCC_C_LANGUAGE_STANDARD = gnu11;
				GCC_DYNAMIC_NO_PIC = NO;
				GCC_NO_COMMON_BLOCKS = YES;
				GCC_OPTIMIZATION_LEVEL = 0;
				GCC_PREPROCESSOR_DEFINITIONS = (
					"DEBUG=1",
					"$(inherited)",
				);
				GCC_WARN_64_TO_32_BIT_CONVERSION = YES;
				GCC_WARN_ABOUT_RETURN_TYPE = YES_ERROR;
				GCC_WARN_UNDECLARED_SELECTOR = YES;
				GCC_WARN_UNINITIALIZED_AUTOS = YES_AGGRESSIVE;
				GCC_WARN_UNUSED_FUNCTION = YES;
				GCC_WARN_UNUSED_VARIABLE = YES;
				IPHONEOS_DEPLOYMENT_TARGET = 13.2;
				MTL_ENABLE_DEBUG_INFO = INCLUDE_SOURCE;
				MTL_FAST_MATH = YES;
				ONLY_ACTIVE_ARCH = YES;
				SDKROOT = iphoneos;
				SWIFT_ACTIVE_COMPILATION_CONDITIONS = DEBUG;
				SWIFT_OPTIMIZATION_LEVEL = "-Onone";
			};
			name = Debug;
		};
		E764E83F2508EC2500727E3E /* Release */ = {
			isa = XCBuildConfiguration;
			buildSettings = {
				ALWAYS_SEARCH_USER_PATHS = NO;
				CLANG_ANALYZER_NONNULL = YES;
				CLANG_ANALYZER_NUMBER_OBJECT_CONVERSION = YES_AGGRESSIVE;
				CLANG_CXX_LANGUAGE_STANDARD = "gnu++14";
				CLANG_CXX_LIBRARY = "libc++";
				CLANG_ENABLE_MODULES = YES;
				CLANG_ENABLE_OBJC_ARC = YES;
				CLANG_ENABLE_OBJC_WEAK = YES;
				CLANG_WARN_BLOCK_CAPTURE_AUTORELEASING = YES;
				CLANG_WARN_BOOL_CONVERSION = YES;
				CLANG_WARN_COMMA = YES;
				CLANG_WARN_CONSTANT_CONVERSION = YES;
				CLANG_WARN_DEPRECATED_OBJC_IMPLEMENTATIONS = YES;
				CLANG_WARN_DIRECT_OBJC_ISA_USAGE = YES_ERROR;
				CLANG_WARN_DOCUMENTATION_COMMENTS = YES;
				CLANG_WARN_EMPTY_BODY = YES;
				CLANG_WARN_ENUM_CONVERSION = YES;
				CLANG_WARN_INFINITE_RECURSION = YES;
				CLANG_WARN_INT_CONVERSION = YES;
				CLANG_WARN_NON_LITERAL_NULL_CONVERSION = YES;
				CLANG_WARN_OBJC_IMPLICIT_RETAIN_SELF = YES;
				CLANG_WARN_OBJC_LITERAL_CONVERSION = YES;
				CLANG_WARN_OBJC_ROOT_CLASS = YES_ERROR;
				CLANG_WARN_RANGE_LOOP_ANALYSIS = YES;
				CLANG_WARN_STRICT_PROTOTYPES = YES;
				CLANG_WARN_SUSPICIOUS_MOVE = YES;
				CLANG_WARN_UNGUARDED_AVAILABILITY = YES_AGGRESSIVE;
				CLANG_WARN_UNREACHABLE_CODE = YES;
				CLANG_WARN__DUPLICATE_METHOD_MATCH = YES;
				COPY_PHASE_STRIP = NO;
				DEBUG_INFORMATION_FORMAT = "dwarf-with-dsym";
				ENABLE_NS_ASSERTIONS = NO;
				ENABLE_STRICT_OBJC_MSGSEND = YES;
				GCC_C_LANGUAGE_STANDARD = gnu11;
				GCC_NO_COMMON_BLOCKS = YES;
				GCC_WARN_64_TO_32_BIT_CONVERSION = YES;
				GCC_WARN_ABOUT_RETURN_TYPE = YES_ERROR;
				GCC_WARN_UNDECLARED_SELECTOR = YES;
				GCC_WARN_UNINITIALIZED_AUTOS = YES_AGGRESSIVE;
				GCC_WARN_UNUSED_FUNCTION = YES;
				GCC_WARN_UNUSED_VARIABLE = YES;
				IPHONEOS_DEPLOYMENT_TARGET = 13.2;
				MTL_ENABLE_DEBUG_INFO = NO;
				MTL_FAST_MATH = YES;
				SDKROOT = iphoneos;
				SWIFT_COMPILATION_MODE = wholemodule;
				SWIFT_OPTIMIZATION_LEVEL = "-O";
				VALIDATE_PRODUCT = YES;
			};
			name = Release;
		};
		E764E8412508EC2500727E3E /* Debug */ = {
			isa = XCBuildConfiguration;
			buildSettings = {
				ASSETCATALOG_COMPILER_COMPLICATION_NAME = Complication;
				CODE_SIGN_STYLE = Automatic;
				INFOPLIST_FILE = "Predictions WatchKit Extension/Info.plist";
				LD_RUNPATH_SEARCH_PATHS = (
					"$(inherited)",
					"@executable_path/Frameworks",
					"@executable_path/../../Frameworks",
				);
				PRODUCT_BUNDLE_IDENTIFIER = csc.Predictions.watchkitapp.watchkitextension;
				PRODUCT_NAME = "${TARGET_NAME}";
				SDKROOT = watchos;
				SKIP_INSTALL = YES;
				SWIFT_VERSION = 5.0;
				TARGETED_DEVICE_FAMILY = 4;
				WATCHOS_DEPLOYMENT_TARGET = 6.1;
			};
			name = Debug;
		};
		E764E8422508EC2500727E3E /* Release */ = {
			isa = XCBuildConfiguration;
			buildSettings = {
				ASSETCATALOG_COMPILER_COMPLICATION_NAME = Complication;
				CODE_SIGN_STYLE = Automatic;
				INFOPLIST_FILE = "Predictions WatchKit Extension/Info.plist";
				LD_RUNPATH_SEARCH_PATHS = (
					"$(inherited)",
					"@executable_path/Frameworks",
					"@executable_path/../../Frameworks",
				);
				PRODUCT_BUNDLE_IDENTIFIER = csc.Predictions.watchkitapp.watchkitextension;
				PRODUCT_NAME = "${TARGET_NAME}";
				SDKROOT = watchos;
				SKIP_INSTALL = YES;
				SWIFT_VERSION = 5.0;
				TARGETED_DEVICE_FAMILY = 4;
				WATCHOS_DEPLOYMENT_TARGET = 6.1;
			};
			name = Release;
		};
		E764E8452508EC2500727E3E /* Debug */ = {
			isa = XCBuildConfiguration;
			buildSettings = {
				ALWAYS_EMBED_SWIFT_STANDARD_LIBRARIES = YES;
				ASSETCATALOG_COMPILER_APPICON_NAME = AppIcon;
				CODE_SIGN_STYLE = Automatic;
				IBSC_MODULE = Predictions_WatchKit_Extension;
				INFOPLIST_FILE = "Predictions WatchKit App/Info.plist";
				PRODUCT_BUNDLE_IDENTIFIER = csc.Predictions.watchkitapp;
				PRODUCT_NAME = "$(TARGET_NAME)";
				SDKROOT = watchos;
				SKIP_INSTALL = YES;
				SWIFT_VERSION = 5.0;
				TARGETED_DEVICE_FAMILY = 4;
				WATCHOS_DEPLOYMENT_TARGET = 6.1;
			};
			name = Debug;
		};
		E764E8462508EC2500727E3E /* Release */ = {
			isa = XCBuildConfiguration;
			buildSettings = {
				ALWAYS_EMBED_SWIFT_STANDARD_LIBRARIES = YES;
				ASSETCATALOG_COMPILER_APPICON_NAME = AppIcon;
				CODE_SIGN_STYLE = Automatic;
				IBSC_MODULE = Predictions_WatchKit_Extension;
				INFOPLIST_FILE = "Predictions WatchKit App/Info.plist";
				PRODUCT_BUNDLE_IDENTIFIER = csc.Predictions.watchkitapp;
				PRODUCT_NAME = "$(TARGET_NAME)";
				SDKROOT = watchos;
				SKIP_INSTALL = YES;
				SWIFT_VERSION = 5.0;
				TARGETED_DEVICE_FAMILY = 4;
				WATCHOS_DEPLOYMENT_TARGET = 6.1;
			};
			name = Release;
		};
		E764E8492508EC2500727E3E /* Debug */ = {
			isa = XCBuildConfiguration;
			buildSettings = {
				ASSETCATALOG_COMPILER_APPICON_NAME = AppIcon;
				CODE_SIGN_STYLE = Automatic;
				INFOPLIST_FILE = Predictions/Info.plist;
				LD_RUNPATH_SEARCH_PATHS = (
					"$(inherited)",
					"@executable_path/Frameworks",
				);
				PRODUCT_BUNDLE_IDENTIFIER = csc.Predictions;
				PRODUCT_NAME = "$(TARGET_NAME)";
				SWIFT_VERSION = 5.0;
				TARGETED_DEVICE_FAMILY = "1,2";
			};
			name = Debug;
		};
		E764E84A2508EC2500727E3E /* Release */ = {
			isa = XCBuildConfiguration;
			buildSettings = {
				ASSETCATALOG_COMPILER_APPICON_NAME = AppIcon;
				CODE_SIGN_STYLE = Automatic;
				INFOPLIST_FILE = Predictions/Info.plist;
				LD_RUNPATH_SEARCH_PATHS = (
					"$(inherited)",
					"@executable_path/Frameworks",
				);
				PRODUCT_BUNDLE_IDENTIFIER = csc.Predictions;
				PRODUCT_NAME = "$(TARGET_NAME)";
				SWIFT_VERSION = 5.0;
				TARGETED_DEVICE_FAMILY = "1,2";
			};
			name = Release;
		};
/* End XCBuildConfiguration section */

/* Begin XCConfigurationList section */
		E764E80A2508EC2200727E3E /* Build configuration list for PBXProject "Predictions" */ = {
			isa = XCConfigurationList;
			buildConfigurations = (
				E764E83E2508EC2500727E3E /* Debug */,
				E764E83F2508EC2500727E3E /* Release */,
			);
			defaultConfigurationIsVisible = 0;
			defaultConfigurationName = Release;
		};
		E764E8402508EC2500727E3E /* Build configuration list for PBXNativeTarget "Predictions WatchKit Extension" */ = {
			isa = XCConfigurationList;
			buildConfigurations = (
				E764E8412508EC2500727E3E /* Debug */,
				E764E8422508EC2500727E3E /* Release */,
			);
			defaultConfigurationIsVisible = 0;
			defaultConfigurationName = Release;
		};
		E764E8442508EC2500727E3E /* Build configuration list for PBXNativeTarget "Predictions WatchKit App" */ = {
			isa = XCConfigurationList;
			buildConfigurations = (
				E764E8452508EC2500727E3E /* Debug */,
				E764E8462508EC2500727E3E /* Release */,
			);
			defaultConfigurationIsVisible = 0;
			defaultConfigurationName = Release;
		};
		E764E8482508EC2500727E3E /* Build configuration list for PBXNativeTarget "Predictions" */ = {
			isa = XCConfigurationList;
			buildConfigurations = (
				E764E8492508EC2500727E3E /* Debug */,
				E764E84A2508EC2500727E3E /* Release */,
			);
			defaultConfigurationIsVisible = 0;
			defaultConfigurationName = Release;
		};
/* End XCConfigurationList section */
	};
	rootObject = E764E8072508EC2200727E3E /* Project object */;
}
