// !$*UTF8*$!
{
	archiveVersion = 1;
	classes = {
	};
	objectVersion = 50;
	objects = {

/* Begin PBXBuildFile section */
		E78E703724E69E93007B0712 /* AppDelegate.swift in Sources */ = {isa = PBXBuildFile; fileRef = E78E703624E69E93007B0712 /* AppDelegate.swift */; };
		E78E703924E69E93007B0712 /* SceneDelegate.swift in Sources */ = {isa = PBXBuildFile; fileRef = E78E703824E69E93007B0712 /* SceneDelegate.swift */; };
		E78E703B24E69E93007B0712 /* ViewController.swift in Sources */ = {isa = PBXBuildFile; fileRef = E78E703A24E69E93007B0712 /* ViewController.swift */; };
		E78E703E24E69E93007B0712 /* Main.storyboard in Resources */ = {isa = PBXBuildFile; fileRef = E78E703C24E69E93007B0712 /* Main.storyboard */; };
		E78E704024E69E94007B0712 /* Assets.xcassets in Resources */ = {isa = PBXBuildFile; fileRef = E78E703F24E69E94007B0712 /* Assets.xcassets */; };
		E78E704324E69E94007B0712 /* LaunchScreen.storyboard in Resources */ = {isa = PBXBuildFile; fileRef = E78E704124E69E94007B0712 /* LaunchScreen.storyboard */; };
		E7AA36C324EA65E5005A50D5 /* SearchResponse.swift in Sources */ = {isa = PBXBuildFile; fileRef = E7AA36C224EA65E5005A50D5 /* SearchResponse.swift */; };
		E7AA36C524EA7360005A50D5 /* NetworkService.swift in Sources */ = {isa = PBXBuildFile; fileRef = E7AA36C424EA7360005A50D5 /* NetworkService.swift */; };
		E7AA36C924EA7CFA005A50D5 /* NetworkDataFetcher.swift in Sources */ = {isa = PBXBuildFile; fileRef = E7AA36C824EA7CFA005A50D5 /* NetworkDataFetcher.swift */; };
/* End PBXBuildFile section */

/* Begin PBXFileReference section */
		E78E703324E69E93007B0712 /* JSON.app */ = {isa = PBXFileReference; explicitFileType = wrapper.application; includeInIndex = 0; path = JSON.app; sourceTree = BUILT_PRODUCTS_DIR; };
		E78E703624E69E93007B0712 /* AppDelegate.swift */ = {isa = PBXFileReference; lastKnownFileType = sourcecode.swift; path = AppDelegate.swift; sourceTree = "<group>"; };
		E78E703824E69E93007B0712 /* SceneDelegate.swift */ = {isa = PBXFileReference; lastKnownFileType = sourcecode.swift; path = SceneDelegate.swift; sourceTree = "<group>"; };
		E78E703A24E69E93007B0712 /* ViewController.swift */ = {isa = PBXFileReference; lastKnownFileType = sourcecode.swift; path = ViewController.swift; sourceTree = "<group>"; };
		E78E703D24E69E93007B0712 /* Base */ = {isa = PBXFileReference; lastKnownFileType = file.storyboard; name = Base; path = Base.lproj/Main.storyboard; sourceTree = "<group>"; };
		E78E703F24E69E94007B0712 /* Assets.xcassets */ = {isa = PBXFileReference; lastKnownFileType = folder.assetcatalog; path = Assets.xcassets; sourceTree = "<group>"; };
		E78E704224E69E94007B0712 /* Base */ = {isa = PBXFileReference; lastKnownFileType = file.storyboard; name = Base; path = Base.lproj/LaunchScreen.storyboard; sourceTree = "<group>"; };
		E78E704424E69E94007B0712 /* Info.plist */ = {isa = PBXFileReference; lastKnownFileType = text.plist.xml; path = Info.plist; sourceTree = "<group>"; };
		E7AA36C224EA65E5005A50D5 /* SearchResponse.swift */ = {isa = PBXFileReference; lastKnownFileType = sourcecode.swift; path = SearchResponse.swift; sourceTree = "<group>"; };
		E7AA36C424EA7360005A50D5 /* NetworkService.swift */ = {isa = PBXFileReference; lastKnownFileType = sourcecode.swift; path = NetworkService.swift; sourceTree = "<group>"; };
		E7AA36C824EA7CFA005A50D5 /* NetworkDataFetcher.swift */ = {isa = PBXFileReference; lastKnownFileType = sourcecode.swift; path = NetworkDataFetcher.swift; sourceTree = "<group>"; };
/* End PBXFileReference section */

/* Begin PBXFrameworksBuildPhase section */
		E78E703024E69E93007B0712 /* Frameworks */ = {
			isa = PBXFrameworksBuildPhase;
			buildActionMask = 2147483647;
			files = (
			);
			runOnlyForDeploymentPostprocessing = 0;
		};
/* End PBXFrameworksBuildPhase section */

/* Begin PBXGroup section */
		E78E702A24E69E93007B0712 = {
			isa = PBXGroup;
			children = (
				E78E703524E69E93007B0712 /* JSON */,
				E78E703424E69E93007B0712 /* Products */,
			);
			sourceTree = "<group>";
		};
		E78E703424E69E93007B0712 /* Products */ = {
			isa = PBXGroup;
			children = (
				E78E703324E69E93007B0712 /* JSON.app */,
			);
			name = Products;
			sourceTree = "<group>";
		};
		E78E703524E69E93007B0712 /* JSON */ = {
			isa = PBXGroup;
			children = (
				E78E703624E69E93007B0712 /* AppDelegate.swift */,
				E78E703824E69E93007B0712 /* SceneDelegate.swift */,
				E78E703A24E69E93007B0712 /* ViewController.swift */,
				E7AA36C724EA7563005A50D5 /* Networking */,
				E7AA36C624EA754C005A50D5 /* Models */,
				E78E703C24E69E93007B0712 /* Main.storyboard */,
				E78E703F24E69E94007B0712 /* Assets.xcassets */,
				E78E704124E69E94007B0712 /* LaunchScreen.storyboard */,
				E78E704424E69E94007B0712 /* Info.plist */,
			);
			path = JSON;
			sourceTree = "<group>";
		};
		E7AA36C624EA754C005A50D5 /* Models */ = {
			isa = PBXGroup;
			children = (
				E7AA36C224EA65E5005A50D5 /* SearchResponse.swift */,
			);
			path = Models;
			sourceTree = "<group>";
		};
		E7AA36C724EA7563005A50D5 /* Networking */ = {
			isa = PBXGroup;
			children = (
				E7AA36C824EA7CFA005A50D5 /* NetworkDataFetcher.swift */,
				E7AA36C424EA7360005A50D5 /* NetworkService.swift */,
			);
			path = Networking;
			sourceTree = "<group>";
		};
/* End PBXGroup section */

/* Begin PBXNativeTarget section */
		E78E703224E69E93007B0712 /* JSON */ = {
			isa = PBXNativeTarget;
			buildConfigurationList = E78E704724E69E94007B0712 /* Build configuration list for PBXNativeTarget "JSON" */;
			buildPhases = (
				E78E702F24E69E93007B0712 /* Sources */,
				E78E703024E69E93007B0712 /* Frameworks */,
				E78E703124E69E93007B0712 /* Resources */,
			);
			buildRules = (
			);
			dependencies = (
			);
			name = JSON;
			productName = JSON;
			productReference = E78E703324E69E93007B0712 /* JSON.app */;
			productType = "com.apple.product-type.application";
		};
/* End PBXNativeTarget section */

/* Begin PBXProject section */
		E78E702B24E69E93007B0712 /* Project object */ = {
			isa = PBXProject;
			attributes = {
				LastSwiftUpdateCheck = 1130;
				LastUpgradeCheck = 1130;
				ORGANIZATIONNAME = "Student 6";
				TargetAttributes = {
					E78E703224E69E93007B0712 = {
						CreatedOnToolsVersion = 11.3.1;
					};
				};
			};
			buildConfigurationList = E78E702E24E69E93007B0712 /* Build configuration list for PBXProject "JSON" */;
			compatibilityVersion = "Xcode 9.3";
			developmentRegion = en;
			hasScannedForEncodings = 0;
			knownRegions = (
				en,
				Base,
			);
			mainGroup = E78E702A24E69E93007B0712;
			productRefGroup = E78E703424E69E93007B0712 /* Products */;
			projectDirPath = "";
			projectRoot = "";
			targets = (
				E78E703224E69E93007B0712 /* JSON */,
			);
		};
/* End PBXProject section */

/* Begin PBXResourcesBuildPhase section */
		E78E703124E69E93007B0712 /* Resources */ = {
			isa = PBXResourcesBuildPhase;
			buildActionMask = 2147483647;
			files = (
				E78E704324E69E94007B0712 /* LaunchScreen.storyboard in Resources */,
				E78E704024E69E94007B0712 /* Assets.xcassets in Resources */,
				E78E703E24E69E93007B0712 /* Main.storyboard in Resources */,
			);
			runOnlyForDeploymentPostprocessing = 0;
		};
/* End PBXResourcesBuildPhase section */

/* Begin PBXSourcesBuildPhase section */
		E78E702F24E69E93007B0712 /* Sources */ = {
			isa = PBXSourcesBuildPhase;
			buildActionMask = 2147483647;
			files = (
				E7AA36C924EA7CFA005A50D5 /* NetworkDataFetcher.swift in Sources */,
				E7AA36C524EA7360005A50D5 /* NetworkService.swift in Sources */,
				E7AA36C324EA65E5005A50D5 /* SearchResponse.swift in Sources */,
				E78E703B24E69E93007B0712 /* ViewController.swift in Sources */,
				E78E703724E69E93007B0712 /* AppDelegate.swift in Sources */,
				E78E703924E69E93007B0712 /* SceneDelegate.swift in Sources */,
			);
			runOnlyForDeploymentPostprocessing = 0;
		};
/* End PBXSourcesBuildPhase section */

/* Begin PBXVariantGroup section */
		E78E703C24E69E93007B0712 /* Main.storyboard */ = {
			isa = PBXVariantGroup;
			children = (
				E78E703D24E69E93007B0712 /* Base */,
			);
			name = Main.storyboard;
			sourceTree = "<group>";
		};
		E78E704124E69E94007B0712 /* LaunchScreen.storyboard */ = {
			isa = PBXVariantGroup;
			children = (
				E78E704224E69E94007B0712 /* Base */,
			);
			name = LaunchScreen.storyboard;
			sourceTree = "<group>";
		};
/* End PBXVariantGroup section */

/* Begin XCBuildConfiguration section */
		E78E704524E69E94007B0712 /* Debug */ = {
			isa = XCBuildConfiguration;
			buildSettings = {
				ALWAYS_SEARCH_USER_PATHS = NO;
				CLANG_ANALYZER_NONNULL = YES;
				CLANG_ANALYZER_NUMBER_OBJECT_CONVERSION = YES_AGGRESSIVE;
				CLANG_CXX_LANGUAGE_STANDARD = "gnu++14";
				CLANG_CXX_LIBRARY = "libc++";
				CLANG_ENABLE_MODULES = YES;
				CLANG_ENABLE_OBJC_ARC = YES;
				CLANG_ENABLE_OBJC_WEAK = YES;
				CLANG_WARN_BLOCK_CAPTURE_AUTORELEASING = YES;
				CLANG_WARN_BOOL_CONVERSION = YES;
				CLANG_WARN_COMMA = YES;
				CLANG_WARN_CONSTANT_CONVERSION = YES;
				CLANG_WARN_DEPRECATED_OBJC_IMPLEMENTATIONS = YES;
				CLANG_WARN_DIRECT_OBJC_ISA_USAGE = YES_ERROR;
				CLANG_WARN_DOCUMENTATION_COMMENTS = YES;
				CLANG_WARN_EMPTY_BODY = YES;
				CLANG_WARN_ENUM_CONVERSION = YES;
				CLANG_WARN_INFINITE_RECURSION = YES;
				CLANG_WARN_INT_CONVERSION = YES;
				CLANG_WARN_NON_LITERAL_NULL_CONVERSION = YES;
				CLANG_WARN_OBJC_IMPLICIT_RETAIN_SELF = YES;
				CLANG_WARN_OBJC_LITERAL_CONVERSION = YES;
				CLANG_WARN_OBJC_ROOT_CLASS = YES_ERROR;
				CLANG_WARN_RANGE_LOOP_ANALYSIS = YES;
				CLANG_WARN_STRICT_PROTOTYPES = YES;
				CLANG_WARN_SUSPICIOUS_MOVE = YES;
				CLANG_WARN_UNGUARDED_AVAILABILITY = YES_AGGRESSIVE;
				CLANG_WARN_UNREACHABLE_CODE = YES;
				CLANG_WARN__DUPLICATE_METHOD_MATCH = YES;
				COPY_PHASE_STRIP = NO;
				DEBUG_INFORMATION_FORMAT = dwarf;
				ENABLE_STRICT_OBJC_MSGSEND = YES;
				ENABLE_TESTABILITY = YES;
				GCC_C_LANGUAGE_STANDARD = gnu11;
				GCC_DYNAMIC_NO_PIC = NO;
				GCC_NO_COMMON_BLOCKS = YES;
				GCC_OPTIMIZATION_LEVEL = 0;
				GCC_PREPROCESSOR_DEFINITIONS = (
					"DEBUG=1",
					"$(inherited)",
				);
				GCC_WARN_64_TO_32_BIT_CONVERSION = YES;
				GCC_WARN_ABOUT_RETURN_TYPE = YES_ERROR;
				GCC_WARN_UNDECLARED_SELECTOR = YES;
				GCC_WARN_UNINITIALIZED_AUTOS = YES_AGGRESSIVE;
				GCC_WARN_UNUSED_FUNCTION = YES;
				GCC_WARN_UNUSED_VARIABLE = YES;
				IPHONEOS_DEPLOYMENT_TARGET = 13.2;
				MTL_ENABLE_DEBUG_INFO = INCLUDE_SOURCE;
				MTL_FAST_MATH = YES;
				ONLY_ACTIVE_ARCH = YES;
				SDKROOT = iphoneos;
				SWIFT_ACTIVE_COMPILATION_CONDITIONS = DEBUG;
				SWIFT_OPTIMIZATION_LEVEL = "-Onone";
			};
			name = Debug;
		};
		E78E704624E69E94007B0712 /* Release */ = {
			isa = XCBuildConfiguration;
			buildSettings = {
				ALWAYS_SEARCH_USER_PATHS = NO;
				CLANG_ANALYZER_NONNULL = YES;
				CLANG_ANALYZER_NUMBER_OBJECT_CONVERSION = YES_AGGRESSIVE;
				CLANG_CXX_LANGUAGE_STANDARD = "gnu++14";
				CLANG_CXX_LIBRARY = "libc++";
				CLANG_ENABLE_MODULES = YES;
				CLANG_ENABLE_OBJC_ARC = YES;
				CLANG_ENABLE_OBJC_WEAK = YES;
				CLANG_WARN_BLOCK_CAPTURE_AUTORELEASING = YES;
				CLANG_WARN_BOOL_CONVERSION = YES;
				CLANG_WARN_COMMA = YES;
				CLANG_WARN_CONSTANT_CONVERSION = YES;
				CLANG_WARN_DEPRECATED_OBJC_IMPLEMENTATIONS = YES;
				CLANG_WARN_DIRECT_OBJC_ISA_USAGE = YES_ERROR;
				CLANG_WARN_DOCUMENTATION_COMMENTS = YES;
				CLANG_WARN_EMPTY_BODY = YES;
				CLANG_WARN_ENUM_CONVERSION = YES;
				CLANG_WARN_INFINITE_RECURSION = YES;
				CLANG_WARN_INT_CONVERSION = YES;
				CLANG_WARN_NON_LITERAL_NULL_CONVERSION = YES;
				CLANG_WARN_OBJC_IMPLICIT_RETAIN_SELF = YES;
				CLANG_WARN_OBJC_LITERAL_CONVERSION = YES;
				CLANG_WARN_OBJC_ROOT_CLASS = YES_ERROR;
				CLANG_WARN_RANGE_LOOP_ANALYSIS = YES;
				CLANG_WARN_STRICT_PROTOTYPES = YES;
				CLANG_WARN_SUSPICIOUS_MOVE = YES;
				CLANG_WARN_UNGUARDED_AVAILABILITY = YES_AGGRESSIVE;
				CLANG_WARN_UNREACHABLE_CODE = YES;
				CLANG_WARN__DUPLICATE_METHOD_MATCH = YES;
				COPY_PHASE_STRIP = NO;
				DEBUG_INFORMATION_FORMAT = "dwarf-with-dsym";
				ENABLE_NS_ASSERTIONS = NO;
				ENABLE_STRICT_OBJC_MSGSEND = YES;
				GCC_C_LANGUAGE_STANDARD = gnu11;
				GCC_NO_COMMON_BLOCKS = YES;
				GCC_WARN_64_TO_32_BIT_CONVERSION = YES;
				GCC_WARN_ABOUT_RETURN_TYPE = YES_ERROR;
				GCC_WARN_UNDECLARED_SELECTOR = YES;
				GCC_WARN_UNINITIALIZED_AUTOS = YES_AGGRESSIVE;
				GCC_WARN_UNUSED_FUNCTION = YES;
				GCC_WARN_UNUSED_VARIABLE = YES;
				IPHONEOS_DEPLOYMENT_TARGET = 13.2;
				MTL_ENABLE_DEBUG_INFO = NO;
				MTL_FAST_MATH = YES;
				SDKROOT = iphoneos;
				SWIFT_COMPILATION_MODE = wholemodule;
				SWIFT_OPTIMIZATION_LEVEL = "-O";
				VALIDATE_PRODUCT = YES;
			};
			name = Release;
		};
		E78E704824E69E94007B0712 /* Debug */ = {
			isa = XCBuildConfiguration;
			buildSettings = {
				ASSETCATALOG_COMPILER_APPICON_NAME = AppIcon;
				CODE_SIGN_STYLE = Automatic;
				INFOPLIST_FILE = JSON/Info.plist;
				LD_RUNPATH_SEARCH_PATHS = (
					"$(inherited)",
					"@executable_path/Frameworks",
				);
				PRODUCT_BUNDLE_IDENTIFIER = csc.JSON;
				PRODUCT_NAME = "$(TARGET_NAME)";
				SWIFT_VERSION = 5.0;
				TARGETED_DEVICE_FAMILY = "1,2";
			};
			name = Debug;
		};
		E78E704924E69E94007B0712 /* Release */ = {
			isa = XCBuildConfiguration;
			buildSettings = {
				ASSETCATALOG_COMPILER_APPICON_NAME = AppIcon;
				CODE_SIGN_STYLE = Automatic;
				INFOPLIST_FILE = JSON/Info.plist;
				LD_RUNPATH_SEARCH_PATHS = (
					"$(inherited)",
					"@executable_path/Frameworks",
				);
				PRODUCT_BUNDLE_IDENTIFIER = csc.JSON;
				PRODUCT_NAME = "$(TARGET_NAME)";
				SWIFT_VERSION = 5.0;
				TARGETED_DEVICE_FAMILY = "1,2";
			};
			name = Release;
		};
/* End XCBuildConfiguration section */

/* Begin XCConfigurationList section */
		E78E702E24E69E93007B0712 /* Build configuration list for PBXProject "JSON" */ = {
			isa = XCConfigurationList;
			buildConfigurations = (
				E78E704524E69E94007B0712 /* Debug */,
				E78E704624E69E94007B0712 /* Release */,
			);
			defaultConfigurationIsVisible = 0;
			defaultConfigurationName = Release;
		};
		E78E704724E69E94007B0712 /* Build configuration list for PBXNativeTarget "JSON" */ = {
			isa = XCConfigurationList;
			buildConfigurations = (
				E78E704824E69E94007B0712 /* Debug */,
				E78E704924E69E94007B0712 /* Release */,
			);
			defaultConfigurationIsVisible = 0;
			defaultConfigurationName = Release;
		};
/* End XCConfigurationList section */
	};
	rootObject = E78E702B24E69E93007B0712 /* Project object */;
}
